// !$*UTF8*$!
{
	archiveVersion = 1;
	classes = {
	};
	objectVersion = 46;
	objects = {

/* Begin PBXBuildFile section */
		350E90DC1B9366FC00BEAEF1 /* UIExtension.swift in Sources */ = {isa = PBXBuildFile; fileRef = 350E90DB1B9366FC00BEAEF1 /* UIExtension.swift */; };
		35163CEC1B79DA96008CA295 /* AppDelegate.swift in Sources */ = {isa = PBXBuildFile; fileRef = 35163CEB1B79DA96008CA295 /* AppDelegate.swift */; };
		35163CEE1B79DA96008CA295 /* ViewController.swift in Sources */ = {isa = PBXBuildFile; fileRef = 35163CED1B79DA96008CA295 /* ViewController.swift */; };
		35163CF31B79DA96008CA295 /* Images.xcassets in Resources */ = {isa = PBXBuildFile; fileRef = 35163CF21B79DA96008CA295 /* Images.xcassets */; };
		35163CF61B79DA96008CA295 /* LaunchScreen.xib in Resources */ = {isa = PBXBuildFile; fileRef = 35163CF41B79DA96008CA295 /* LaunchScreen.xib */; };
		35163D021B79DA96008CA295 /* DoubanMovieTests.swift in Sources */ = {isa = PBXBuildFile; fileRef = 35163D011B79DA96008CA295 /* DoubanMovieTests.swift */; };
		35163D301B79EC4A008CA295 /* Cinema.storyboard in Resources */ = {isa = PBXBuildFile; fileRef = 35163D231B79EC4A008CA295 /* Cinema.storyboard */; };
		35163D311B79EC4A008CA295 /* CinemaViewController.swift in Sources */ = {isa = PBXBuildFile; fileRef = 35163D241B79EC4A008CA295 /* CinemaViewController.swift */; };
		35163D321B79EC4A008CA295 /* MyMovies.storyboard in Resources */ = {isa = PBXBuildFile; fileRef = 35163D271B79EC4A008CA295 /* MyMovies.storyboard */; };
		35163D331B79EC4A008CA295 /* MyMoviesViewController.swift in Sources */ = {isa = PBXBuildFile; fileRef = 35163D281B79EC4A008CA295 /* MyMoviesViewController.swift */; };
		35163D341B79EC4A008CA295 /* Showing.storyboard in Resources */ = {isa = PBXBuildFile; fileRef = 35163D2E1B79EC4A008CA295 /* Showing.storyboard */; };
		35163D351B79EC4A008CA295 /* ShowingViewController.swift in Sources */ = {isa = PBXBuildFile; fileRef = 35163D2F1B79EC4A008CA295 /* ShowingViewController.swift */; };
		35163D371B79ED0D008CA295 /* UIKit+Extension.swift in Sources */ = {isa = PBXBuildFile; fileRef = 35163D361B79ED0D008CA295 /* UIKit+Extension.swift */; };
		35163D3D1B79F2C7008CA295 /* Main.storyboard in Resources */ = {isa = PBXBuildFile; fileRef = 35163D3C1B79F2C7008CA295 /* Main.storyboard */; };
		3546CD7A1B96B41200F615D2 /* Person.swift in Sources */ = {isa = PBXBuildFile; fileRef = 3546CD791B96B41200F615D2 /* Person.swift */; };
		3546CD7E1B96BD2A00F615D2 /* DetailMovieView.swift in Sources */ = {isa = PBXBuildFile; fileRef = 3546CD7D1B96BD2A00F615D2 /* DetailMovieView.swift */; };
		354D50241B7B53A2000EEFE1 /* Movies.swift in Sources */ = {isa = PBXBuildFile; fileRef = 354D50231B7B53A2000EEFE1 /* Movies.swift */; };
		354D50261B7B5405000EEFE1 /* Rate.swift in Sources */ = {isa = PBXBuildFile; fileRef = 354D50251B7B5405000EEFE1 /* Rate.swift */; };
		354D50441B7B7E6C000EEFE1 /* HotShowing.swift in Sources */ = {isa = PBXBuildFile; fileRef = 354D50431B7B7E6C000EEFE1 /* HotShowing.swift */; };
		354D50461B7B8260000EEFE1 /* MovieImages.swift in Sources */ = {isa = PBXBuildFile; fileRef = 354D50451B7B8260000EEFE1 /* MovieImages.swift */; };
		354EC1D81B8B75160051CE16 /* DetailMovieViewController.swift in Sources */ = {isa = PBXBuildFile; fileRef = 354EC1D71B8B75160051CE16 /* DetailMovieViewController.swift */; };
		354EC1DA1B8B75260051CE16 /* DetailMovie.storyboard in Resources */ = {isa = PBXBuildFile; fileRef = 354EC1D91B8B75260051CE16 /* DetailMovie.storyboard */; };
		3559BFE81BB52AB700D6D789 /* WebPage.storyboard in Resources */ = {isa = PBXBuildFile; fileRef = 3559BFE71BB52AB700D6D789 /* WebPage.storyboard */; settings = {ASSET_TAGS = (); }; };
		3559BFED1BB52B5900D6D789 /* WebPageViewController.swift in Sources */ = {isa = PBXBuildFile; fileRef = 3559BFEC1BB52B5900D6D789 /* WebPageViewController.swift */; settings = {ASSET_TAGS = (); }; };
		3559BFF11BB644DC00D6D789 /* PhotoBrowerViewController.swift in Sources */ = {isa = PBXBuildFile; fileRef = 3559BFEF1BB644DC00D6D789 /* PhotoBrowerViewController.swift */; settings = {ASSET_TAGS = (); }; };
		3559BFF21BB644DC00D6D789 /* PhotoViewerController.swift in Sources */ = {isa = PBXBuildFile; fileRef = 3559BFF01BB644DC00D6D789 /* PhotoViewerController.swift */; settings = {ASSET_TAGS = (); }; };
		35AC856C1BA9539E00C87DED /* ProgressHUD.bundle in Resources */ = {isa = PBXBuildFile; fileRef = 35AC85691BA9539E00C87DED /* ProgressHUD.bundle */; };
		35AC856D1BA9539E00C87DED /* ProgressHUD.m in Sources */ = {isa = PBXBuildFile; fileRef = 35AC856B1BA9539E00C87DED /* ProgressHUD.m */; };
		6DDC2B4099737074534A7F86 /* Pods_DoubanMovie.framework in Frameworks */ = {isa = PBXBuildFile; fileRef = 4A49A04DCBB1110581EEFC17 /* Pods_DoubanMovie.framework */; settings = {ATTRIBUTES = (Weak, ); }; };
		C6FAE2B281DFBF27B4DC63A1 /* Pods.framework in Frameworks */ = {isa = PBXBuildFile; fileRef = 065B23714AD98389CBA1E824 /* Pods.framework */; settings = {ATTRIBUTES = (Weak, ); }; };
/* End PBXBuildFile section */

/* Begin PBXContainerItemProxy section */
		35163CFC1B79DA96008CA295 /* PBXContainerItemProxy */ = {
			isa = PBXContainerItemProxy;
			containerPortal = 35163CDE1B79DA96008CA295 /* Project object */;
			proxyType = 1;
			remoteGlobalIDString = 35163CE51B79DA96008CA295;
			remoteInfo = DoubanMovie;
		};
/* End PBXContainerItemProxy section */

/* Begin PBXFileReference section */
		065B23714AD98389CBA1E824 /* Pods.framework */ = {isa = PBXFileReference; explicitFileType = wrapper.framework; includeInIndex = 0; path = Pods.framework; sourceTree = BUILT_PRODUCTS_DIR; };
		350E90DB1B9366FC00BEAEF1 /* UIExtension.swift */ = {isa = PBXFileReference; fileEncoding = 4; lastKnownFileType = sourcecode.swift; path = UIExtension.swift; sourceTree = "<group>"; };
		35163CE61B79DA96008CA295 /* DoubanMovie.app */ = {isa = PBXFileReference; explicitFileType = wrapper.application; includeInIndex = 0; path = DoubanMovie.app; sourceTree = BUILT_PRODUCTS_DIR; };
		35163CEA1B79DA96008CA295 /* Info.plist */ = {isa = PBXFileReference; lastKnownFileType = text.plist.xml; path = Info.plist; sourceTree = "<group>"; };
		35163CEB1B79DA96008CA295 /* AppDelegate.swift */ = {isa = PBXFileReference; lastKnownFileType = sourcecode.swift; path = AppDelegate.swift; sourceTree = "<group>"; };
		35163CED1B79DA96008CA295 /* ViewController.swift */ = {isa = PBXFileReference; lastKnownFileType = sourcecode.swift; name = ViewController.swift; path = ../../../ViewController.swift; sourceTree = "<group>"; };
		35163CF21B79DA96008CA295 /* Images.xcassets */ = {isa = PBXFileReference; lastKnownFileType = folder.assetcatalog; path = Images.xcassets; sourceTree = "<group>"; };
		35163CF51B79DA96008CA295 /* Base */ = {isa = PBXFileReference; lastKnownFileType = file.xib; name = Base; path = Base.lproj/LaunchScreen.xib; sourceTree = "<group>"; };
		35163CFB1B79DA96008CA295 /* DoubanMovieTests.xctest */ = {isa = PBXFileReference; explicitFileType = wrapper.cfbundle; includeInIndex = 0; path = DoubanMovieTests.xctest; sourceTree = BUILT_PRODUCTS_DIR; };
		35163D001B79DA96008CA295 /* Info.plist */ = {isa = PBXFileReference; lastKnownFileType = text.plist.xml; path = Info.plist; sourceTree = "<group>"; };
		35163D011B79DA96008CA295 /* DoubanMovieTests.swift */ = {isa = PBXFileReference; lastKnownFileType = sourcecode.swift; path = DoubanMovieTests.swift; sourceTree = "<group>"; };
		35163D231B79EC4A008CA295 /* Cinema.storyboard */ = {isa = PBXFileReference; fileEncoding = 4; lastKnownFileType = file.storyboard; path = Cinema.storyboard; sourceTree = "<group>"; };
		35163D241B79EC4A008CA295 /* CinemaViewController.swift */ = {isa = PBXFileReference; fileEncoding = 4; lastKnownFileType = sourcecode.swift; path = CinemaViewController.swift; sourceTree = "<group>"; };
		35163D271B79EC4A008CA295 /* MyMovies.storyboard */ = {isa = PBXFileReference; fileEncoding = 4; lastKnownFileType = file.storyboard; path = MyMovies.storyboard; sourceTree = "<group>"; };
		35163D281B79EC4A008CA295 /* MyMoviesViewController.swift */ = {isa = PBXFileReference; fileEncoding = 4; lastKnownFileType = sourcecode.swift; path = MyMoviesViewController.swift; sourceTree = "<group>"; };
		35163D2E1B79EC4A008CA295 /* Showing.storyboard */ = {isa = PBXFileReference; fileEncoding = 4; lastKnownFileType = file.storyboard; path = Showing.storyboard; sourceTree = "<group>"; };
		35163D2F1B79EC4A008CA295 /* ShowingViewController.swift */ = {isa = PBXFileReference; fileEncoding = 4; lastKnownFileType = sourcecode.swift; path = ShowingViewController.swift; sourceTree = "<group>"; };
		35163D361B79ED0D008CA295 /* UIKit+Extension.swift */ = {isa = PBXFileReference; fileEncoding = 4; lastKnownFileType = sourcecode.swift; path = "UIKit+Extension.swift"; sourceTree = "<group>"; };
		35163D3C1B79F2C7008CA295 /* Main.storyboard */ = {isa = PBXFileReference; fileEncoding = 4; lastKnownFileType = file.storyboard; path = Main.storyboard; sourceTree = "<group>"; };
		3546CD791B96B41200F615D2 /* Person.swift */ = {isa = PBXFileReference; fileEncoding = 4; lastKnownFileType = sourcecode.swift; path = Person.swift; sourceTree = "<group>"; };
		3546CD7D1B96BD2A00F615D2 /* DetailMovieView.swift */ = {isa = PBXFileReference; fileEncoding = 4; lastKnownFileType = sourcecode.swift; path = DetailMovieView.swift; sourceTree = "<group>"; };
		354D50231B7B53A2000EEFE1 /* Movies.swift */ = {isa = PBXFileReference; fileEncoding = 4; lastKnownFileType = sourcecode.swift; path = Movies.swift; sourceTree = "<group>"; };
		354D50251B7B5405000EEFE1 /* Rate.swift */ = {isa = PBXFileReference; fileEncoding = 4; lastKnownFileType = sourcecode.swift; path = Rate.swift; sourceTree = "<group>"; };
		354D50431B7B7E6C000EEFE1 /* HotShowing.swift */ = {isa = PBXFileReference; fileEncoding = 4; lastKnownFileType = sourcecode.swift; path = HotShowing.swift; sourceTree = "<group>"; };
		354D50451B7B8260000EEFE1 /* MovieImages.swift */ = {isa = PBXFileReference; fileEncoding = 4; lastKnownFileType = sourcecode.swift; path = MovieImages.swift; sourceTree = "<group>"; };
		354EC1D71B8B75160051CE16 /* DetailMovieViewController.swift */ = {isa = PBXFileReference; fileEncoding = 4; lastKnownFileType = sourcecode.swift; path = DetailMovieViewController.swift; sourceTree = "<group>"; };
		354EC1D91B8B75260051CE16 /* DetailMovie.storyboard */ = {isa = PBXFileReference; fileEncoding = 4; lastKnownFileType = file.storyboard; path = DetailMovie.storyboard; sourceTree = "<group>"; };
		3559BFE71BB52AB700D6D789 /* WebPage.storyboard */ = {isa = PBXFileReference; fileEncoding = 4; lastKnownFileType = file.storyboard; path = WebPage.storyboard; sourceTree = "<group>"; };
		3559BFEC1BB52B5900D6D789 /* WebPageViewController.swift */ = {isa = PBXFileReference; fileEncoding = 4; lastKnownFileType = sourcecode.swift; path = WebPageViewController.swift; sourceTree = "<group>"; };
		3559BFEF1BB644DC00D6D789 /* PhotoBrowerViewController.swift */ = {isa = PBXFileReference; fileEncoding = 4; lastKnownFileType = sourcecode.swift; path = PhotoBrowerViewController.swift; sourceTree = "<group>"; };
		3559BFF01BB644DC00D6D789 /* PhotoViewerController.swift */ = {isa = PBXFileReference; fileEncoding = 4; lastKnownFileType = sourcecode.swift; path = PhotoViewerController.swift; sourceTree = "<group>"; };
		35AC85691BA9539E00C87DED /* ProgressHUD.bundle */ = {isa = PBXFileReference; lastKnownFileType = "wrapper.plug-in"; path = ProgressHUD.bundle; sourceTree = "<group>"; };
		35AC856A1BA9539E00C87DED /* ProgressHUD.h */ = {isa = PBXFileReference; fileEncoding = 4; lastKnownFileType = sourcecode.c.h; path = ProgressHUD.h; sourceTree = "<group>"; };
		35AC856B1BA9539E00C87DED /* ProgressHUD.m */ = {isa = PBXFileReference; fileEncoding = 4; lastKnownFileType = sourcecode.c.objc; path = ProgressHUD.m; sourceTree = "<group>"; };
		35AC85731BA9548400C87DED /* DoubanMovie-Bridging-Header.h */ = {isa = PBXFileReference; lastKnownFileType = sourcecode.c.h; path = "DoubanMovie-Bridging-Header.h"; sourceTree = "<group>"; };
		4A49A04DCBB1110581EEFC17 /* Pods_DoubanMovie.framework */ = {isa = PBXFileReference; explicitFileType = wrapper.framework; includeInIndex = 0; path = Pods_DoubanMovie.framework; sourceTree = BUILT_PRODUCTS_DIR; };
		A5085E90D8B691EDAE659DC9 /* Pods.release.xcconfig */ = {isa = PBXFileReference; includeInIndex = 1; lastKnownFileType = text.xcconfig; name = Pods.release.xcconfig; path = "Pods/Target Support Files/Pods/Pods.release.xcconfig"; sourceTree = "<group>"; };
		F59FF43FA3DEE5A8557CCAB7 /* Pods.debug.xcconfig */ = {isa = PBXFileReference; includeInIndex = 1; lastKnownFileType = text.xcconfig; name = Pods.debug.xcconfig; path = "Pods/Target Support Files/Pods/Pods.debug.xcconfig"; sourceTree = "<group>"; };
/* End PBXFileReference section */

/* Begin PBXFrameworksBuildPhase section */
		35163CE31B79DA96008CA295 /* Frameworks */ = {
			isa = PBXFrameworksBuildPhase;
			buildActionMask = 2147483647;
			files = (
				C6FAE2B281DFBF27B4DC63A1 /* Pods.framework in Frameworks */,
				6DDC2B4099737074534A7F86 /* Pods_DoubanMovie.framework in Frameworks */,
			);
			runOnlyForDeploymentPostprocessing = 0;
		};
		35163CF81B79DA96008CA295 /* Frameworks */ = {
			isa = PBXFrameworksBuildPhase;
			buildActionMask = 2147483647;
			files = (
			);
			runOnlyForDeploymentPostprocessing = 0;
		};
/* End PBXFrameworksBuildPhase section */

/* Begin PBXGroup section */
		23327A4CEE144166641674DA /* Frameworks */ = {
			isa = PBXGroup;
			children = (
				065B23714AD98389CBA1E824 /* Pods.framework */,
				4A49A04DCBB1110581EEFC17 /* Pods_DoubanMovie.framework */,
			);
			name = Frameworks;
			sourceTree = "<group>";
		};
		35163CDD1B79DA96008CA295 = {
			isa = PBXGroup;
			children = (
				35163CE81B79DA96008CA295 /* DoubanMovie */,
				35163CFE1B79DA96008CA295 /* DoubanMovieTests */,
				35163CE71B79DA96008CA295 /* Products */,
				D3D382BF8113219EDA98158E /* Pods */,
				23327A4CEE144166641674DA /* Frameworks */,
			);
			sourceTree = "<group>";
		};
		35163CE71B79DA96008CA295 /* Products */ = {
			isa = PBXGroup;
			children = (
				35163CE61B79DA96008CA295 /* DoubanMovie.app */,
				35163CFB1B79DA96008CA295 /* DoubanMovieTests.xctest */,
			);
			name = Products;
			sourceTree = "<group>";
		};
		35163CE81B79DA96008CA295 /* DoubanMovie */ = {
			isa = PBXGroup;
			children = (
				35163D1F1B79EC4A008CA295 /* Classes */,
				35163CE91B79DA96008CA295 /* Supporting Files */,
			);
			path = DoubanMovie;
			sourceTree = "<group>";
		};
		35163CE91B79DA96008CA295 /* Supporting Files */ = {
			isa = PBXGroup;
			children = (
				35163CEB1B79DA96008CA295 /* AppDelegate.swift */,
				35163CF41B79DA96008CA295 /* LaunchScreen.xib */,
				35163CF21B79DA96008CA295 /* Images.xcassets */,
				35163CEA1B79DA96008CA295 /* Info.plist */,
			);
			name = "Supporting Files";
			sourceTree = "<group>";
		};
		35163CFE1B79DA96008CA295 /* DoubanMovieTests */ = {
			isa = PBXGroup;
			children = (
				35163D011B79DA96008CA295 /* DoubanMovieTests.swift */,
				35163CFF1B79DA96008CA295 /* Supporting Files */,
			);
			path = DoubanMovieTests;
			sourceTree = "<group>";
		};
		35163CFF1B79DA96008CA295 /* Supporting Files */ = {
			isa = PBXGroup;
			children = (
				35163D001B79DA96008CA295 /* Info.plist */,
			);
			name = "Supporting Files";
			sourceTree = "<group>";
		};
		35163D1F1B79EC4A008CA295 /* Classes */ = {
			isa = PBXGroup;
			children = (
				35163D201B79EC4A008CA295 /* Model */,
				35163D211B79EC4A008CA295 /* Module */,
			);
			path = Classes;
			sourceTree = "<group>";
		};
		35163D201B79EC4A008CA295 /* Model */ = {
			isa = PBXGroup;
			children = (
				354D50231B7B53A2000EEFE1 /* Movies.swift */,
				354D50251B7B5405000EEFE1 /* Rate.swift */,
				354D50431B7B7E6C000EEFE1 /* HotShowing.swift */,
				354D50451B7B8260000EEFE1 /* MovieImages.swift */,
				3546CD791B96B41200F615D2 /* Person.swift */,
			);
			path = Model;
			sourceTree = "<group>";
		};
		35163D211B79EC4A008CA295 /* Module */ = {
			isa = PBXGroup;
			children = (
				354EC1D61B8B74FB0051CE16 /* DetailMovie */,
				35163D2D1B79EC4A008CA295 /* Showing */,
				35163D221B79EC4A008CA295 /* Cinema */,
				35163D251B79EC4A008CA295 /* Main */,
				35163D261B79EC4A008CA295 /* MyMovies */,
				35163D291B79EC4A008CA295 /* Others */,
			);
			path = Module;
			sourceTree = "<group>";
		};
		35163D221B79EC4A008CA295 /* Cinema */ = {
			isa = PBXGroup;
			children = (
				35163D231B79EC4A008CA295 /* Cinema.storyboard */,
				35163D241B79EC4A008CA295 /* CinemaViewController.swift */,
			);
			path = Cinema;
			sourceTree = "<group>";
		};
		35163D251B79EC4A008CA295 /* Main */ = {
			isa = PBXGroup;
			children = (
				35163D3C1B79F2C7008CA295 /* Main.storyboard */,
				35163CED1B79DA96008CA295 /* ViewController.swift */,
			);
			path = Main;
			sourceTree = "<group>";
		};
		35163D261B79EC4A008CA295 /* MyMovies */ = {
			isa = PBXGroup;
			children = (
				35163D271B79EC4A008CA295 /* MyMovies.storyboard */,
				35163D281B79EC4A008CA295 /* MyMoviesViewController.swift */,
			);
			path = MyMovies;
			sourceTree = "<group>";
		};
		35163D291B79EC4A008CA295 /* Others */ = {
			isa = PBXGroup;
			children = (
				35AC85671BA9539400C87DED /* Libs */,
				35163D2A1B79EC4A008CA295 /* Category&Extension */,
				35163D2C1B79EC4A008CA295 /* Tools */,
			);
			path = Others;
			sourceTree = "<group>";
		};
		35163D2A1B79EC4A008CA295 /* Category&Extension */ = {
			isa = PBXGroup;
			children = (
				350E90DB1B9366FC00BEAEF1 /* UIExtension.swift */,
			);
			name = "Category&Extension";
			path = Category;
			sourceTree = "<group>";
		};
		35163D2C1B79EC4A008CA295 /* Tools */ = {
			isa = PBXGroup;
			children = (
				35163D361B79ED0D008CA295 /* UIKit+Extension.swift */,
			);
			path = Tools;
			sourceTree = "<group>";
		};
		35163D2D1B79EC4A008CA295 /* Showing */ = {
			isa = PBXGroup;
			children = (
				35163D2E1B79EC4A008CA295 /* Showing.storyboard */,
				35163D2F1B79EC4A008CA295 /* ShowingViewController.swift */,
			);
			path = Showing;
			sourceTree = "<group>";
		};
		354EC1D61B8B74FB0051CE16 /* DetailMovie */ = {
			isa = PBXGroup;
			children = (
				3559BFEE1BB644DC00D6D789 /* PhotoBrowser */,
				354EC1D71B8B75160051CE16 /* DetailMovieViewController.swift */,
				354EC1D91B8B75260051CE16 /* DetailMovie.storyboard */,
				3546CD7D1B96BD2A00F615D2 /* DetailMovieView.swift */,
				3559BFE71BB52AB700D6D789 /* WebPage.storyboard */,
				3559BFEC1BB52B5900D6D789 /* WebPageViewController.swift */,
			);
			path = DetailMovie;
			sourceTree = "<group>";
		};
		3559BFEE1BB644DC00D6D789 /* PhotoBrowser */ = {
			isa = PBXGroup;
			children = (
				3559BFEF1BB644DC00D6D789 /* PhotoBrowerViewController.swift */,
				3559BFF01BB644DC00D6D789 /* PhotoViewerController.swift */,
			);
			path = PhotoBrowser;
			sourceTree = "<group>";
		};
		35AC85671BA9539400C87DED /* Libs */ = {
			isa = PBXGroup;
			children = (
				35AC85731BA9548400C87DED /* DoubanMovie-Bridging-Header.h */,
				35AC85681BA9539E00C87DED /* ProgressHUD */,
			);
			path = Libs;
			sourceTree = "<group>";
		};
		35AC85681BA9539E00C87DED /* ProgressHUD */ = {
			isa = PBXGroup;
			children = (
				35AC85691BA9539E00C87DED /* ProgressHUD.bundle */,
				35AC856A1BA9539E00C87DED /* ProgressHUD.h */,
				35AC856B1BA9539E00C87DED /* ProgressHUD.m */,
			);
			path = ProgressHUD;
			sourceTree = "<group>";
		};
		D3D382BF8113219EDA98158E /* Pods */ = {
			isa = PBXGroup;
			children = (
				F59FF43FA3DEE5A8557CCAB7 /* Pods.debug.xcconfig */,
				A5085E90D8B691EDAE659DC9 /* Pods.release.xcconfig */,
			);
			name = Pods;
			sourceTree = "<group>";
		};
/* End PBXGroup section */

/* Begin PBXNativeTarget section */
		35163CE51B79DA96008CA295 /* DoubanMovie */ = {
			isa = PBXNativeTarget;
			buildConfigurationList = 35163D051B79DA96008CA295 /* Build configuration list for PBXNativeTarget "DoubanMovie" */;
			buildPhases = (
				9572FF407D486F1FFCD7BDFB /* Check Pods Manifest.lock */,
				35163CE21B79DA96008CA295 /* Sources */,
				35163CE31B79DA96008CA295 /* Frameworks */,
				35163CE41B79DA96008CA295 /* Resources */,
				ED555B9C7C42455B8CBB8410 /* Embed Pods Frameworks */,
				AF0395106D0EC8BD3ABA93B2 /* Copy Pods Resources */,
			);
			buildRules = (
			);
			dependencies = (
			);
			name = DoubanMovie;
			productName = DoubanMovie;
			productReference = 35163CE61B79DA96008CA295 /* DoubanMovie.app */;
			productType = "com.apple.product-type.application";
		};
		35163CFA1B79DA96008CA295 /* DoubanMovieTests */ = {
			isa = PBXNativeTarget;
			buildConfigurationList = 35163D081B79DA96008CA295 /* Build configuration list for PBXNativeTarget "DoubanMovieTests" */;
			buildPhases = (
				35163CF71B79DA96008CA295 /* Sources */,
				35163CF81B79DA96008CA295 /* Frameworks */,
				35163CF91B79DA96008CA295 /* Resources */,
			);
			buildRules = (
			);
			dependencies = (
				35163CFD1B79DA96008CA295 /* PBXTargetDependency */,
			);
			name = DoubanMovieTests;
			productName = DoubanMovieTests;
			productReference = 35163CFB1B79DA96008CA295 /* DoubanMovieTests.xctest */;
			productType = "com.apple.product-type.bundle.unit-test";
		};
/* End PBXNativeTarget section */

/* Begin PBXProject section */
		35163CDE1B79DA96008CA295 /* Project object */ = {
			isa = PBXProject;
			attributes = {
				LastSwiftMigration = 0700;
				LastSwiftUpdateCheck = 0700;
				LastUpgradeCheck = 0700;
				ORGANIZATIONNAME = Heisenbean;
				TargetAttributes = {
					35163CE51B79DA96008CA295 = {
						CreatedOnToolsVersion = 6.4;
					};
					35163CFA1B79DA96008CA295 = {
						CreatedOnToolsVersion = 6.4;
						TestTargetID = 35163CE51B79DA96008CA295;
					};
				};
			};
			buildConfigurationList = 35163CE11B79DA96008CA295 /* Build configuration list for PBXProject "DoubanMovie" */;
			compatibilityVersion = "Xcode 3.2";
			developmentRegion = English;
			hasScannedForEncodings = 0;
			knownRegions = (
				en,
				Base,
			);
			mainGroup = 35163CDD1B79DA96008CA295;
			productRefGroup = 35163CE71B79DA96008CA295 /* Products */;
			projectDirPath = "";
			projectRoot = "";
			targets = (
				35163CE51B79DA96008CA295 /* DoubanMovie */,
				35163CFA1B79DA96008CA295 /* DoubanMovieTests */,
			);
		};
/* End PBXProject section */

/* Begin PBXResourcesBuildPhase section */
		35163CE41B79DA96008CA295 /* Resources */ = {
			isa = PBXResourcesBuildPhase;
			buildActionMask = 2147483647;
			files = (
				35AC856C1BA9539E00C87DED /* ProgressHUD.bundle in Resources */,
				35163D321B79EC4A008CA295 /* MyMovies.storyboard in Resources */,
				3559BFE81BB52AB700D6D789 /* WebPage.storyboard in Resources */,
				35163D301B79EC4A008CA295 /* Cinema.storyboard in Resources */,
				35163CF61B79DA96008CA295 /* LaunchScreen.xib in Resources */,
				354EC1DA1B8B75260051CE16 /* DetailMovie.storyboard in Resources */,
				35163D3D1B79F2C7008CA295 /* Main.storyboard in Resources */,
				35163D341B79EC4A008CA295 /* Showing.storyboard in Resources */,
				35163CF31B79DA96008CA295 /* Images.xcassets in Resources */,
			);
			runOnlyForDeploymentPostprocessing = 0;
		};
		35163CF91B79DA96008CA295 /* Resources */ = {
			isa = PBXResourcesBuildPhase;
			buildActionMask = 2147483647;
			files = (
			);
			runOnlyForDeploymentPostprocessing = 0;
		};
/* End PBXResourcesBuildPhase section */

/* Begin PBXShellScriptBuildPhase section */
		9572FF407D486F1FFCD7BDFB /* Check Pods Manifest.lock */ = {
			isa = PBXShellScriptBuildPhase;
			buildActionMask = 2147483647;
			files = (
			);
			inputPaths = (
			);
			name = "Check Pods Manifest.lock";
			outputPaths = (
			);
			runOnlyForDeploymentPostprocessing = 0;
			shellPath = /bin/sh;
			shellScript = "diff \"${PODS_ROOT}/../Podfile.lock\" \"${PODS_ROOT}/Manifest.lock\" > /dev/null\nif [[ $? != 0 ]] ; then\n    cat << EOM\nerror: The sandbox is not in sync with the Podfile.lock. Run 'pod install' or update your CocoaPods installation.\nEOM\n    exit 1\nfi\n";
			showEnvVarsInLog = 0;
		};
		AF0395106D0EC8BD3ABA93B2 /* Copy Pods Resources */ = {
			isa = PBXShellScriptBuildPhase;
			buildActionMask = 2147483647;
			files = (
			);
			inputPaths = (
			);
			name = "Copy Pods Resources";
			outputPaths = (
			);
			runOnlyForDeploymentPostprocessing = 0;
			shellPath = /bin/sh;
			shellScript = "\"${SRCROOT}/Pods/Target Support Files/Pods-DoubanMovie/Pods-DoubanMovie-resources.sh\"\n";
			showEnvVarsInLog = 0;
		};
		ED555B9C7C42455B8CBB8410 /* Embed Pods Frameworks */ = {
			isa = PBXShellScriptBuildPhase;
			buildActionMask = 2147483647;
			files = (
			);
			inputPaths = (
			);
			name = "Embed Pods Frameworks";
			outputPaths = (
			);
			runOnlyForDeploymentPostprocessing = 0;
			shellPath = /bin/sh;
			shellScript = "\"${SRCROOT}/Pods/Target Support Files/Pods-DoubanMovie/Pods-DoubanMovie-frameworks.sh\"\n";
			showEnvVarsInLog = 0;
		};
/* End PBXShellScriptBuildPhase section */

/* Begin PBXSourcesBuildPhase section */
		35163CE21B79DA96008CA295 /* Sources */ = {
			isa = PBXSourcesBuildPhase;
			buildActionMask = 2147483647;
			files = (
				3559BFED1BB52B5900D6D789 /* WebPageViewController.swift in Sources */,
				354D50241B7B53A2000EEFE1 /* Movies.swift in Sources */,
				354D50261B7B5405000EEFE1 /* Rate.swift in Sources */,
				354D50441B7B7E6C000EEFE1 /* HotShowing.swift in Sources */,
				35163CEE1B79DA96008CA295 /* ViewController.swift in Sources */,
				354D50461B7B8260000EEFE1 /* MovieImages.swift in Sources */,
				35163D351B79EC4A008CA295 /* ShowingViewController.swift in Sources */,
				35163CEC1B79DA96008CA295 /* AppDelegate.swift in Sources */,
				350E90DC1B9366FC00BEAEF1 /* UIExtension.swift in Sources */,
				35163D311B79EC4A008CA295 /* CinemaViewController.swift in Sources */,
				35163D371B79ED0D008CA295 /* UIKit+Extension.swift in Sources */,
				3546CD7E1B96BD2A00F615D2 /* DetailMovieView.swift in Sources */,
				35163D331B79EC4A008CA295 /* MyMoviesViewController.swift in Sources */,
				3559BFF11BB644DC00D6D789 /* PhotoBrowerViewController.swift in Sources */,
				3559BFF21BB644DC00D6D789 /* PhotoViewerController.swift in Sources */,
				35AC856D1BA9539E00C87DED /* ProgressHUD.m in Sources */,
				3546CD7A1B96B41200F615D2 /* Person.swift in Sources */,
				354EC1D81B8B75160051CE16 /* DetailMovieViewController.swift in Sources */,
			);
			runOnlyForDeploymentPostprocessing = 0;
		};
		35163CF71B79DA96008CA295 /* Sources */ = {
			isa = PBXSourcesBuildPhase;
			buildActionMask = 2147483647;
			files = (
				35163D021B79DA96008CA295 /* DoubanMovieTests.swift in Sources */,
			);
			runOnlyForDeploymentPostprocessing = 0;
		};
/* End PBXSourcesBuildPhase section */

/* Begin PBXTargetDependency section */
		35163CFD1B79DA96008CA295 /* PBXTargetDependency */ = {
			isa = PBXTargetDependency;
			target = 35163CE51B79DA96008CA295 /* DoubanMovie */;
			targetProxy = 35163CFC1B79DA96008CA295 /* PBXContainerItemProxy */;
		};
/* End PBXTargetDependency section */

/* Begin PBXVariantGroup section */
		35163CF41B79DA96008CA295 /* LaunchScreen.xib */ = {
			isa = PBXVariantGroup;
			children = (
				35163CF51B79DA96008CA295 /* Base */,
			);
			name = LaunchScreen.xib;
			sourceTree = "<group>";
		};
/* End PBXVariantGroup section */

/* Begin XCBuildConfiguration section */
		35163D031B79DA96008CA295 /* Debug */ = {
			isa = XCBuildConfiguration;
			buildSettings = {
				ALWAYS_SEARCH_USER_PATHS = NO;
				CLANG_CXX_LANGUAGE_STANDARD = "gnu++0x";
				CLANG_CXX_LIBRARY = "libc++";
				CLANG_ENABLE_MODULES = YES;
				CLANG_ENABLE_OBJC_ARC = YES;
				CLANG_WARN_BOOL_CONVERSION = YES;
				CLANG_WARN_CONSTANT_CONVERSION = YES;
				CLANG_WARN_DIRECT_OBJC_ISA_USAGE = YES_ERROR;
				CLANG_WARN_EMPTY_BODY = YES;
				CLANG_WARN_ENUM_CONVERSION = YES;
				CLANG_WARN_INT_CONVERSION = YES;
				CLANG_WARN_OBJC_ROOT_CLASS = YES_ERROR;
				CLANG_WARN_UNREACHABLE_CODE = YES;
				CLANG_WARN__DUPLICATE_METHOD_MATCH = YES;
				"CODE_SIGN_IDENTITY[sdk=iphoneos*]" = "iPhone Developer";
				COPY_PHASE_STRIP = NO;
				DEBUG_INFORMATION_FORMAT = "dwarf-with-dsym";
				ENABLE_STRICT_OBJC_MSGSEND = YES;
				ENABLE_TESTABILITY = YES;
				GCC_C_LANGUAGE_STANDARD = gnu99;
				GCC_DYNAMIC_NO_PIC = NO;
				GCC_NO_COMMON_BLOCKS = YES;
				GCC_OPTIMIZATION_LEVEL = 0;
				GCC_PREPROCESSOR_DEFINITIONS = (
					"DEBUG=1",
					"$(inherited)",
				);
				GCC_SYMBOLS_PRIVATE_EXTERN = NO;
				GCC_WARN_64_TO_32_BIT_CONVERSION = YES;
				GCC_WARN_ABOUT_RETURN_TYPE = YES_ERROR;
				GCC_WARN_UNDECLARED_SELECTOR = YES;
				GCC_WARN_UNINITIALIZED_AUTOS = YES_AGGRESSIVE;
				GCC_WARN_UNUSED_FUNCTION = YES;
				GCC_WARN_UNUSED_VARIABLE = YES;
				IPHONEOS_DEPLOYMENT_TARGET = 9.0;
				MTL_ENABLE_DEBUG_INFO = YES;
				ONLY_ACTIVE_ARCH = YES;
				SDKROOT = iphoneos;
				SWIFT_OPTIMIZATION_LEVEL = "-Onone";
			};
			name = Debug;
		};
		35163D041B79DA96008CA295 /* Release */ = {
			isa = XCBuildConfiguration;
			buildSettings = {
				ALWAYS_SEARCH_USER_PATHS = NO;
				CLANG_CXX_LANGUAGE_STANDARD = "gnu++0x";
				CLANG_CXX_LIBRARY = "libc++";
				CLANG_ENABLE_MODULES = YES;
				CLANG_ENABLE_OBJC_ARC = YES;
				CLANG_WARN_BOOL_CONVERSION = YES;
				CLANG_WARN_CONSTANT_CONVERSION = YES;
				CLANG_WARN_DIRECT_OBJC_ISA_USAGE = YES_ERROR;
				CLANG_WARN_EMPTY_BODY = YES;
				CLANG_WARN_ENUM_CONVERSION = YES;
				CLANG_WARN_INT_CONVERSION = YES;
				CLANG_WARN_OBJC_ROOT_CLASS = YES_ERROR;
				CLANG_WARN_UNREACHABLE_CODE = YES;
				CLANG_WARN__DUPLICATE_METHOD_MATCH = YES;
				"CODE_SIGN_IDENTITY[sdk=iphoneos*]" = "iPhone Developer";
				COPY_PHASE_STRIP = NO;
				DEBUG_INFORMATION_FORMAT = "dwarf-with-dsym";
				ENABLE_NS_ASSERTIONS = NO;
				ENABLE_STRICT_OBJC_MSGSEND = YES;
				GCC_C_LANGUAGE_STANDARD = gnu99;
				GCC_NO_COMMON_BLOCKS = YES;
				GCC_WARN_64_TO_32_BIT_CONVERSION = YES;
				GCC_WARN_ABOUT_RETURN_TYPE = YES_ERROR;
				GCC_WARN_UNDECLARED_SELECTOR = YES;
				GCC_WARN_UNINITIALIZED_AUTOS = YES_AGGRESSIVE;
				GCC_WARN_UNUSED_FUNCTION = YES;
				GCC_WARN_UNUSED_VARIABLE = YES;
				IPHONEOS_DEPLOYMENT_TARGET = 9.0;
				MTL_ENABLE_DEBUG_INFO = NO;
				SDKROOT = iphoneos;
				VALIDATE_PRODUCT = YES;
			};
			name = Release;
		};
		35163D061B79DA96008CA295 /* Debug */ = {
			isa = XCBuildConfiguration;
			baseConfigurationReference = F59FF43FA3DEE5A8557CCAB7 /* Pods.debug.xcconfig */;
			buildSettings = {
				ASSETCATALOG_COMPILER_APPICON_NAME = AppIcon;
				CLANG_ENABLE_MODULES = YES;
				INFOPLIST_FILE = DoubanMovie/Info.plist;
				IPHONEOS_DEPLOYMENT_TARGET = 9.0;
				LD_RUNPATH_SEARCH_PATHS = "$(inherited) @executable_path/Frameworks";
				PRODUCT_BUNDLE_IDENTIFIER = "com.yoo.$(PRODUCT_NAME:rfc1034identifier)";
				PRODUCT_NAME = "$(TARGET_NAME)";
				SWIFT_OBJC_BRIDGING_HEADER = "DoubanMovie/Classes/Module/Others/Libs/DoubanMovie-Bridging-Header.h";
				SWIFT_OPTIMIZATION_LEVEL = "-Onone";
			};
			name = Debug;
		};
		35163D071B79DA96008CA295 /* Release */ = {
			isa = XCBuildConfiguration;
			baseConfigurationReference = A5085E90D8B691EDAE659DC9 /* Pods.release.xcconfig */;
			buildSettings = {
				ASSETCATALOG_COMPILER_APPICON_NAME = AppIcon;
				CLANG_ENABLE_MODULES = YES;
				INFOPLIST_FILE = DoubanMovie/Info.plist;
				IPHONEOS_DEPLOYMENT_TARGET = 9.0;
				LD_RUNPATH_SEARCH_PATHS = "$(inherited) @executable_path/Frameworks";
				PRODUCT_BUNDLE_IDENTIFIER = "com.yoo.$(PRODUCT_NAME:rfc1034identifier)";
				PRODUCT_NAME = "$(TARGET_NAME)";
				SWIFT_OBJC_BRIDGING_HEADER = "DoubanMovie/Classes/Module/Others/Libs/DoubanMovie-Bridging-Header.h";
			};
			name = Release;
		};
		35163D091B79DA96008CA295 /* Debug */ = {
			isa = XCBuildConfiguration;
			buildSettings = {
				BUNDLE_LOADER = "$(TEST_HOST)";
				FRAMEWORK_SEARCH_PATHS = "$(inherited)";
				GCC_PREPROCESSOR_DEFINITIONS = (
					"DEBUG=1",
					"$(inherited)",
				);
				INFOPLIST_FILE = DoubanMovieTests/Info.plist;
				LD_RUNPATH_SEARCH_PATHS = "$(inherited) @executable_path/Frameworks @loader_path/Frameworks";
				PRODUCT_BUNDLE_IDENTIFIER = "com.yoo.$(PRODUCT_NAME:rfc1034identifier)";
				PRODUCT_NAME = "$(TARGET_NAME)";
				TEST_HOST = "$(BUILT_PRODUCTS_DIR)/DoubanMovie.app/DoubanMovie";
			};
			name = Debug;
		};
		35163D0A1B79DA96008CA295 /* Release */ = {
			isa = XCBuildConfiguration;
			buildSettings = {
				BUNDLE_LOADER = "$(TEST_HOST)";
				FRAMEWORK_SEARCH_PATHS = "$(inherited)";
				INFOPLIST_FILE = DoubanMovieTests/Info.plist;
				LD_RUNPATH_SEARCH_PATHS = "$(inherited) @executable_path/Frameworks @loader_path/Frameworks";
				PRODUCT_BUNDLE_IDENTIFIER = "com.yoo.$(PRODUCT_NAME:rfc1034identifier)";
				PRODUCT_NAME = "$(TARGET_NAME)";
				TEST_HOST = "$(BUILT_PRODUCTS_DIR)/DoubanMovie.app/DoubanMovie";
			};
			name = Release;
		};
/* End XCBuildConfiguration section */

/* Begin XCConfigurationList section */
		35163CE11B79DA96008CA295 /* Build configuration list for PBXProject "DoubanMovie" */ = {
			isa = XCConfigurationList;
			buildConfigurations = (
				35163D031B79DA96008CA295 /* Debug */,
				35163D041B79DA96008CA295 /* Release */,
			);
			defaultConfigurationIsVisible = 0;
			defaultConfigurationName = Release;
		};
		35163D051B79DA96008CA295 /* Build configuration list for PBXNativeTarget "DoubanMovie" */ = {
			isa = XCConfigurationList;
			buildConfigurations = (
				35163D061B79DA96008CA295 /* Debug */,
				35163D071B79DA96008CA295 /* Release */,
			);
			defaultConfigurationIsVisible = 0;
			defaultConfigurationName = Release;
		};
		35163D081B79DA96008CA295 /* Build configuration list for PBXNativeTarget "DoubanMovieTests" */ = {
			isa = XCConfigurationList;
			buildConfigurations = (
				35163D091B79DA96008CA295 /* Debug */,
				35163D0A1B79DA96008CA295 /* Release */,
			);
			defaultConfigurationIsVisible = 0;
			defaultConfigurationName = Release;
		};
/* End XCConfigurationList section */
	};
	rootObject = 35163CDE1B79DA96008CA295 /* Project object */;
}
